{
  "requires": true,
  "lockfileVersion": 1,
  "dependencies": {
    "china-area-data": {
      "version": "4.0.0",
      "resolved": "https://registry.npmjs.org/china-area-data/-/china-area-data-4.0.0.tgz",
      "integrity": "sha512-RG9b/ic5ZIGrPXfWgeDvf1DpMZyD6jKAi5ZBjzAlt500nF5uqH9javgKC7ookGtJzFPHwc7+9hs8NRiGj+nFNw=="
    }
  }
}
